
Microsoft Visual Studio Solution File, Format Version 12.00
# Visual Studio 15
VisualStudioVersion = 15.0.26730.16
MinimumVisualStudioVersion = 10.0.40219.1
Project("{FAE04EC0-301F-11D3-BF4B-00C04F79EFBC}") = "FidoU2f", "FidoU2f\FidoU2f.csproj", "{FFE2A81A-0131-4666-883B-288AB931A7F0}"
EndProject
Project("{FAE04EC0-301F-11D3-BF4B-00C04F79EFBC}") = "FidoU2f.Tests", "FidoU2f.Tests\FidoU2f.Tests.csproj", "{EC301858-3B6A-4155-BAB8-A84053BCAE49}"
EndProject
Global
	GlobalSection(SolutionConfigurationPlatforms) = preSolution
		Debug|Any CPU = Debug|Any CPU
		Release|Any CPU = Release|Any CPU
	EndGlobalSection
	GlobalSection(ProjectConfigurationPlatforms) = postSolution
		{FFE2A81A-0131-4666-883B-288AB931A7F0}.Debug|Any CPU.ActiveCfg = Debug|Any CPU
		{FFE2A81A-0131-4666-883B-288AB931A7F0}.Debug|Any CPU.Build.0 = Debug|Any CPU
		{FFE2A81A-0131-4666-883B-288AB931A7F0}.Release|Any CPU.ActiveCfg = Release|Any CPU
		{FFE2A81A-0131-4666-883B-288AB931A7F0}.Release|Any CPU.Build.0 = Release|Any CPU
		{EC301858-3B6A-4155-BAB8-A84053BCAE49}.Debug|Any CPU.ActiveCfg = Debug|Any CPU
		{EC301858-3B6A-4155-BAB8-A84053BCAE49}.Debug|Any CPU.Build.0 = Debug|Any CPU
		{EC301858-3B6A-4155-BAB8-A84053BCAE49}.Release|Any CPU.ActiveCfg = Release|Any CPU
		{EC301858-3B6A-4155-BAB8-A84053BCAE49}.Release|Any CPU.Build.0 = Release|Any CPU
	EndGlobalSection
	GlobalSection(SolutionProperties) = preSolution
		HideSolutionNode = FALSE
	EndGlobalSection
	GlobalSection(ExtensibilityGlobals) = postSolution
		SolutionGuid = {A8AAA745-BDD0-4856-9F70-698C5A85F409}
	EndGlobalSection
EndGlobal
